
Microsoft Visual Studio Solution File, Format Version 12.00
# Visual Studio Version 16
VisualStudioVersion = 16.0.32929.386
MinimumVisualStudioVersion = 10.0.40219.1
Project("{FAE04EC0-301F-11D3-BF4B-00C04F79EFBC}") = "AuthenticationAuthorizationJwt", "AuthenticationAuthorizationJwt\AuthenticationAuthorizationJwt.csproj", "{68CE249F-7764-4454-BD8B-145115637557}"
EndProject
Global
	GlobalSection(SolutionConfigurationPlatforms) = preSolution
		Debug|Any CPU = Debug|Any CPU
		Release|Any CPU = Release|Any CPU
	EndGlobalSection
	GlobalSection(ProjectConfigurationPlatforms) = postSolution
		{68CE249F-7764-4454-BD8B-145115637557}.Debug|Any CPU.ActiveCfg = Debug|Any CPU
		{68CE249F-7764-4454-BD8B-145115637557}.Debug|Any CPU.Build.0 = Debug|Any CPU
		{68CE249F-7764-4454-BD8B-145115637557}.Release|Any CPU.ActiveCfg = Release|Any CPU
		{68CE249F-7764-4454-BD8B-145115637557}.Release|Any CPU.Build.0 = Release|Any CPU
	EndGlobalSection
	GlobalSection(SolutionProperties) = preSolution
		HideSolutionNode = FALSE
	EndGlobalSection
	GlobalSection(ExtensibilityGlobals) = postSolution
		SolutionGuid = {72A9E25C-D746-471B-94C6-E21529EEA176}
	EndGlobalSection
EndGlobal
